
Microsoft Visual Studio Solution File, Format Version 12.00
# Visual Studio Version 16
VisualStudioVersion = 16.6.30114.105
MinimumVisualStudioVersion = 10.0.40219.1
Project("{2150E333-8FDC-42A3-9474-1A3956D46DE8}") = "Common", "Common", "{704ED062-E4B2-49A1-A344-8D5D240BFCD4}"
EndProject
Project("{9A19103F-16F7-4668-BE54-9A1E7A4F7556}") = "Students.Domain", "Common\Students.Domain\Students.Domain.csproj", "{49B3A0A5-84E7-4224-8A0E-0C131700B082}"
EndProject
Project("{2150E333-8FDC-42A3-9474-1A3956D46DE8}") = "Services", "Services", "{B2689224-DDE6-4AF2-B660-6B640172BA60}"
EndProject
Project("{9A19103F-16F7-4668-BE54-9A1E7A4F7556}") = "Students.API", "Services\Students.API\Students.API.csproj", "{20959D35-C50D-4A79-AFFD-1BC256EF61DD}"
EndProject
Project("{9A19103F-16F7-4668-BE54-9A1E7A4F7556}") = "Students.DAL", "Services\Students.DAL\Students.DAL.csproj", "{4E110D21-7733-4981-9E5E-5D259681B677}"
EndProject
Project("{9A19103F-16F7-4668-BE54-9A1E7A4F7556}") = "Students.Interfaces", "Services\Students.Interfaces\Students.Interfaces.csproj", "{1D548C54-EA90-4587-BE47-D6585B24E6D7}"
EndProject
Project("{9A19103F-16F7-4668-BE54-9A1E7A4F7556}") = "Students.Services", "Services\Students.Services\Students.Services.csproj", "{212005C8-D7A3-4481-B77E-7A09A9560D12}"
EndProject
Project("{9A19103F-16F7-4668-BE54-9A1E7A4F7556}") = "Students.DAL.SqlServer", "Services\Students.DAL.SqlServer\Students.DAL.SqlServer.csproj", "{EFE1E75B-B601-411A-A773-35B565EAE2C5}"
EndProject
Project("{9A19103F-16F7-4668-BE54-9A1E7A4F7556}") = "Students.Interfaces.Base", "Services\Students.Interfaces.Base\Students.Interfaces.Base.csproj", "{EF9CBF68-75B4-44AD-9B71-336BD506A717}"
EndProject
Global
	GlobalSection(SolutionConfigurationPlatforms) = preSolution
		Debug|Any CPU = Debug|Any CPU
		Debug|x64 = Debug|x64
		Debug|x86 = Debug|x86
		Release|Any CPU = Release|Any CPU
		Release|x64 = Release|x64
		Release|x86 = Release|x86
	EndGlobalSection
	GlobalSection(ProjectConfigurationPlatforms) = postSolution
		{49B3A0A5-84E7-4224-8A0E-0C131700B082}.Debug|Any CPU.ActiveCfg = Debug|Any CPU
		{49B3A0A5-84E7-4224-8A0E-0C131700B082}.Debug|Any CPU.Build.0 = Debug|Any CPU
		{49B3A0A5-84E7-4224-8A0E-0C131700B082}.Debug|x64.ActiveCfg = Debug|Any CPU
		{49B3A0A5-84E7-4224-8A0E-0C131700B082}.Debug|x64.Build.0 = Debug|Any CPU
		{49B3A0A5-84E7-4224-8A0E-0C131700B082}.Debug|x86.ActiveCfg = Debug|Any CPU
		{49B3A0A5-84E7-4224-8A0E-0C131700B082}.Debug|x86.Build.0 = Debug|Any CPU
		{49B3A0A5-84E7-4224-8A0E-0C131700B082}.Release|Any CPU.ActiveCfg = Release|Any CPU
		{49B3A0A5-84E7-4224-8A0E-0C131700B082}.Release|Any CPU.Build.0 = Release|Any CPU
		{49B3A0A5-84E7-4224-8A0E-0C131700B082}.Release|x64.ActiveCfg = Release|Any CPU
		{49B3A0A5-84E7-4224-8A0E-0C131700B082}.Release|x64.Build.0 = Release|Any CPU
		{49B3A0A5-84E7-4224-8A0E-0C131700B082}.Release|x86.ActiveCfg = Release|Any CPU
		{49B3A0A5-84E7-4224-8A0E-0C131700B082}.Release|x86.Build.0 = Release|Any CPU
		{20959D35-C50D-4A79-AFFD-1BC256EF61DD}.Debug|Any CPU.ActiveCfg = Debug|Any CPU
		{20959D35-C50D-4A79-AFFD-1BC256EF61DD}.Debug|Any CPU.Build.0 = Debug|Any CPU
		{20959D35-C50D-4A79-AFFD-1BC256EF61DD}.Debug|x64.ActiveCfg = Debug|Any CPU
		{20959D35-C50D-4A79-AFFD-1BC256EF61DD}.Debug|x64.Build.0 = Debug|Any CPU
		{20959D35-C50D-4A79-AFFD-1BC256EF61DD}.Debug|x86.ActiveCfg = Debug|Any CPU
		{20959D35-C50D-4A79-AFFD-1BC256EF61DD}.Debug|x86.Build.0 = Debug|Any CPU
		{20959D35-C50D-4A79-AFFD-1BC256EF61DD}.Release|Any CPU.ActiveCfg = Release|Any CPU
		{20959D35-C50D-4A79-AFFD-1BC256EF61DD}.Release|Any CPU.Build.0 = Release|Any CPU
		{20959D35-C50D-4A79-AFFD-1BC256EF61DD}.Release|x64.ActiveCfg = Release|Any CPU
		{20959D35-C50D-4A79-AFFD-1BC256EF61DD}.Release|x64.Build.0 = Release|Any CPU
		{20959D35-C50D-4A79-AFFD-1BC256EF61DD}.Release|x86.ActiveCfg = Release|Any CPU
		{20959D35-C50D-4A79-AFFD-1BC256EF61DD}.Release|x86.Build.0 = Release|Any CPU
		{4E110D21-7733-4981-9E5E-5D259681B677}.Debug|Any CPU.ActiveCfg = Debug|Any CPU
		{4E110D21-7733-4981-9E5E-5D259681B677}.Debug|Any CPU.Build.0 = Debug|Any CPU
		{4E110D21-7733-4981-9E5E-5D259681B677}.Debug|x64.ActiveCfg = Debug|Any CPU
		{4E110D21-7733-4981-9E5E-5D259681B677}.Debug|x64.Build.0 = Debug|Any CPU
		{4E110D21-7733-4981-9E5E-5D259681B677}.Debug|x86.ActiveCfg = Debug|Any CPU
		{4E110D21-7733-4981-9E5E-5D259681B677}.Debug|x86.Build.0 = Debug|Any CPU
		{4E110D21-7733-4981-9E5E-5D259681B677}.Release|Any CPU.ActiveCfg = Release|Any CPU
		{4E110D21-7733-4981-9E5E-5D259681B677}.Release|Any CPU.Build.0 = Release|Any CPU
		{4E110D21-7733-4981-9E5E-5D259681B677}.Release|x64.ActiveCfg = Release|Any CPU
		{4E110D21-7733-4981-9E5E-5D259681B677}.Release|x64.Build.0 = Release|Any CPU
		{4E110D21-7733-4981-9E5E-5D259681B677}.Release|x86.ActiveCfg = Release|Any CPU
		{4E110D21-7733-4981-9E5E-5D259681B677}.Release|x86.Build.0 = Release|Any CPU
		{1D548C54-EA90-4587-BE47-D6585B24E6D7}.Debug|Any CPU.ActiveCfg = Debug|Any CPU
		{1D548C54-EA90-4587-BE47-D6585B24E6D7}.Debug|Any CPU.Build.0 = Debug|Any CPU
		{1D548C54-EA90-4587-BE47-D6585B24E6D7}.Debug|x64.ActiveCfg = Debug|Any CPU
		{1D548C54-EA90-4587-BE47-D6585B24E6D7}.Debug|x64.Build.0 = Debug|Any CPU
		{1D548C54-EA90-4587-BE47-D6585B24E6D7}.Debug|x86.ActiveCfg = Debug|Any CPU
		{1D548C54-EA90-4587-BE47-D6585B24E6D7}.Debug|x86.Build.0 = Debug|Any CPU
		{1D548C54-EA90-4587-BE47-D6585B24E6D7}.Release|Any CPU.ActiveCfg = Release|Any CPU
		{1D548C54-EA90-4587-BE47-D6585B24E6D7}.Release|Any CPU.Build.0 = Release|Any CPU
		{1D548C54-EA90-4587-BE47-D6585B24E6D7}.Release|x64.ActiveCfg = Release|Any CPU
		{1D548C54-EA90-4587-BE47-D6585B24E6D7}.Release|x64.Build.0 = Release|Any CPU
		{1D548C54-EA90-4587-BE47-D6585B24E6D7}.Release|x86.ActiveCfg = Release|Any CPU
		{1D548C54-EA90-4587-BE47-D6585B24E6D7}.Release|x86.Build.0 = Release|Any CPU
		{212005C8-D7A3-4481-B77E-7A09A9560D12}.Debug|Any CPU.ActiveCfg = Debug|Any CPU
		{212005C8-D7A3-4481-B77E-7A09A9560D12}.Debug|Any CPU.Build.0 = Debug|Any CPU
		{212005C8-D7A3-4481-B77E-7A09A9560D12}.Debug|x64.ActiveCfg = Debug|Any CPU
		{212005C8-D7A3-4481-B77E-7A09A9560D12}.Debug|x64.Build.0 = Debug|Any CPU
		{212005C8-D7A3-4481-B77E-7A09A9560D12}.Debug|x86.ActiveCfg = Debug|Any CPU
		{212005C8-D7A3-4481-B77E-7A09A9560D12}.Debug|x86.Build.0 = Debug|Any CPU
		{212005C8-D7A3-4481-B77E-7A09A9560D12}.Release|Any CPU.ActiveCfg = Release|Any CPU
		{212005C8-D7A3-4481-B77E-7A09A9560D12}.Release|Any CPU.Build.0 = Release|Any CPU
		{212005C8-D7A3-4481-B77E-7A09A9560D12}.Release|x64.ActiveCfg = Release|Any CPU
		{212005C8-D7A3-4481-B77E-7A09A9560D12}.Release|x64.Build.0 = Release|Any CPU
		{212005C8-D7A3-4481-B77E-7A09A9560D12}.Release|x86.ActiveCfg = Release|Any CPU
		{212005C8-D7A3-4481-B77E-7A09A9560D12}.Release|x86.Build.0 = Release|Any CPU
		{EFE1E75B-B601-411A-A773-35B565EAE2C5}.Debug|Any CPU.ActiveCfg = Debug|Any CPU
		{EFE1E75B-B601-411A-A773-35B565EAE2C5}.Debug|Any CPU.Build.0 = Debug|Any CPU
		{EFE1E75B-B601-411A-A773-35B565EAE2C5}.Debug|x64.ActiveCfg = Debug|Any CPU
		{EFE1E75B-B601-411A-A773-35B565EAE2C5}.Debug|x64.Build.0 = Debug|Any CPU
		{EFE1E75B-B601-411A-A773-35B565EAE2C5}.Debug|x86.ActiveCfg = Debug|Any CPU
		{EFE1E75B-B601-411A-A773-35B565EAE2C5}.Debug|x86.Build.0 = Debug|Any CPU
		{EFE1E75B-B601-411A-A773-35B565EAE2C5}.Release|Any CPU.ActiveCfg = Release|Any CPU
		{EFE1E75B-B601-411A-A773-35B565EAE2C5}.Release|Any CPU.Build.0 = Release|Any CPU
		{EFE1E75B-B601-411A-A773-35B565EAE2C5}.Release|x64.ActiveCfg = Release|Any CPU
		{EFE1E75B-B601-411A-A773-35B565EAE2C5}.Release|x64.Build.0 = Release|Any CPU
		{EFE1E75B-B601-411A-A773-35B565EAE2C5}.Release|x86.ActiveCfg = Release|Any CPU
		{EFE1E75B-B601-411A-A773-35B565EAE2C5}.Release|x86.Build.0 = Release|Any CPU
		{EF9CBF68-75B4-44AD-9B71-336BD506A717}.Debug|Any CPU.ActiveCfg = Debug|Any CPU
		{EF9CBF68-75B4-44AD-9B71-336BD506A717}.Debug|Any CPU.Build.0 = Debug|Any CPU
		{EF9CBF68-75B4-44AD-9B71-336BD506A717}.Debug|x64.ActiveCfg = Debug|Any CPU
		{EF9CBF68-75B4-44AD-9B71-336BD506A717}.Debug|x64.Build.0 = Debug|Any CPU
		{EF9CBF68-75B4-44AD-9B71-336BD506A717}.Debug|x86.ActiveCfg = Debug|Any CPU
		{EF9CBF68-75B4-44AD-9B71-336BD506A717}.Debug|x86.Build.0 = Debug|Any CPU
		{EF9CBF68-75B4-44AD-9B71-336BD506A717}.Release|Any CPU.ActiveCfg = Release|Any CPU
		{EF9CBF68-75B4-44AD-9B71-336BD506A717}.Release|Any CPU.Build.0 = Release|Any CPU
		{EF9CBF68-75B4-44AD-9B71-336BD506A717}.Release|x64.ActiveCfg = Release|Any CPU
		{EF9CBF68-75B4-44AD-9B71-336BD506A717}.Release|x64.Build.0 = Release|Any CPU
		{EF9CBF68-75B4-44AD-9B71-336BD506A717}.Release|x86.ActiveCfg = Release|Any CPU
		{EF9CBF68-75B4-44AD-9B71-336BD506A717}.Release|x86.Build.0 = Release|Any CPU
	EndGlobalSection
	GlobalSection(SolutionProperties) = preSolution
		HideSolutionNode = FALSE
	EndGlobalSection
	GlobalSection(NestedProjects) = preSolution
		{49B3A0A5-84E7-4224-8A0E-0C131700B082} = {704ED062-E4B2-49A1-A344-8D5D240BFCD4}
		{20959D35-C50D-4A79-AFFD-1BC256EF61DD} = {B2689224-DDE6-4AF2-B660-6B640172BA60}
		{4E110D21-7733-4981-9E5E-5D259681B677} = {B2689224-DDE6-4AF2-B660-6B640172BA60}
		{1D548C54-EA90-4587-BE47-D6585B24E6D7} = {B2689224-DDE6-4AF2-B660-6B640172BA60}
		{212005C8-D7A3-4481-B77E-7A09A9560D12} = {B2689224-DDE6-4AF2-B660-6B640172BA60}
		{EFE1E75B-B601-411A-A773-35B565EAE2C5} = {B2689224-DDE6-4AF2-B660-6B640172BA60}
		{EF9CBF68-75B4-44AD-9B71-336BD506A717} = {B2689224-DDE6-4AF2-B660-6B640172BA60}
	EndGlobalSection
	GlobalSection(ExtensibilityGlobals) = postSolution
		SolutionGuid = {AA0E6CD1-0544-464A-BF79-D0D571CB77D2}
	EndGlobalSection
EndGlobal
